// !$*UTF8*$!
{
	archiveVersion = 1;
	classes = {
	};
	objectVersion = 46;
	objects = {

/* Begin PBXBuildFile section */
		2E16858F1EB3FADB0095C643 /* AppDelegate.swift in Sources */ = {isa = PBXBuildFile; fileRef = 2E16858E1EB3FADB0095C643 /* AppDelegate.swift */; };
		2E1685911EB3FADB0095C643 /* ViewController.swift in Sources */ = {isa = PBXBuildFile; fileRef = 2E1685901EB3FADB0095C643 /* ViewController.swift */; };
		2E1685941EB3FADB0095C643 /* Main.storyboard in Resources */ = {isa = PBXBuildFile; fileRef = 2E1685921EB3FADB0095C643 /* Main.storyboard */; };
		2E1685961EB3FADB0095C643 /* Assets.xcassets in Resources */ = {isa = PBXBuildFile; fileRef = 2E1685951EB3FADB0095C643 /* Assets.xcassets */; };
		2E1685991EB3FADB0095C643 /* LaunchScreen.storyboard in Resources */ = {isa = PBXBuildFile; fileRef = 2E1685971EB3FADB0095C643 /* LaunchScreen.storyboard */; };
		2E1685A41EB3FADB0095C643 /* GreenleafNetworkBaltimoreTests.swift in Sources */ = {isa = PBXBuildFile; fileRef = 2E1685A31EB3FADB0095C643 /* GreenleafNetworkBaltimoreTests.swift */; };
		2E1685AF1EB3FADB0095C643 /* GreenleafNetworkBaltimoreUITests.swift in Sources */ = {isa = PBXBuildFile; fileRef = 2E1685AE1EB3FADB0095C643 /* GreenleafNetworkBaltimoreUITests.swift */; };
		2E1685C01EB3FB1E0095C643 /* LeafModel.swift in Sources */ = {isa = PBXBuildFile; fileRef = 2E1685BF1EB3FB1E0095C643 /* LeafModel.swift */; };
		2E1685C31EB403DB0095C643 /* DataService.swift in Sources */ = {isa = PBXBuildFile; fileRef = 2E1685C21EB403DB0095C643 /* DataService.swift */; };
		2E1685C51EB405950095C643 /* Constants.swift in Sources */ = {isa = PBXBuildFile; fileRef = 2E1685C41EB405950095C643 /* Constants.swift */; };
		2E1685C71EB410070095C643 /* RefreshContents.xib in Resources */ = {isa = PBXBuildFile; fileRef = 2E1685C61EB410070095C643 /* RefreshContents.xib */; };
		2E1685CA1EB411970095C643 /* ThemeManager.swift in Sources */ = {isa = PBXBuildFile; fileRef = 2E1685C91EB411970095C643 /* ThemeManager.swift */; };
		2E1685CC1EB4126F0095C643 /* LeafTruckCell.swift in Sources */ = {isa = PBXBuildFile; fileRef = 2E1685CB1EB4126F0095C643 /* LeafTruckCell.swift */; };
		2E66509A1EB50C4B006D9F36 /* FindUsViewController.swift in Sources */ = {isa = PBXBuildFile; fileRef = 2E6650991EB50C4B006D9F36 /* FindUsViewController.swift */; };
		2E6650A11EB5231B006D9F36 /* Interface.storyboard in Resources */ = {isa = PBXBuildFile; fileRef = 2E66509F1EB5231B006D9F36 /* Interface.storyboard */; };
		2E6650A31EB5231B006D9F36 /* Assets.xcassets in Resources */ = {isa = PBXBuildFile; fileRef = 2E6650A21EB5231B006D9F36 /* Assets.xcassets */; };
		2E6650AA1EB5231B006D9F36 /* Leaf Track Extension.appex in Embed App Extensions */ = {isa = PBXBuildFile; fileRef = 2E6650A91EB5231B006D9F36 /* Leaf Track Extension.appex */; settings = {ATTRIBUTES = (RemoveHeadersOnCopy, ); }; };
		2E6650B31EB5231B006D9F36 /* ExtensionDelegate.swift in Sources */ = {isa = PBXBuildFile; fileRef = 2E6650B21EB5231B006D9F36 /* ExtensionDelegate.swift */; };
		2E6650B51EB5231B006D9F36 /* NotificationController.swift in Sources */ = {isa = PBXBuildFile; fileRef = 2E6650B41EB5231B006D9F36 /* NotificationController.swift */; };
		2E6650B71EB5231B006D9F36 /* Assets.xcassets in Resources */ = {isa = PBXBuildFile; fileRef = 2E6650B61EB5231B006D9F36 /* Assets.xcassets */; };
		2E6650BB1EB5231B006D9F36 /* Leaf Track.app in Embed Watch Content */ = {isa = PBXBuildFile; fileRef = 2E66509D1EB5231B006D9F36 /* Leaf Track.app */; };
		2E6650C41EB523AC006D9F36 /* DataService.swift in Sources */ = {isa = PBXBuildFile; fileRef = 2E1685C21EB403DB0095C643 /* DataService.swift */; };
		2E6650C51EB523AE006D9F36 /* CompanyService.swift in Sources */ = {isa = PBXBuildFile; fileRef = 2ED0184F1EB4FE3A0012F422 /* CompanyService.swift */; };
		2E6650C61EB523B2006D9F36 /* LeafModel.swift in Sources */ = {isa = PBXBuildFile; fileRef = 2E1685BF1EB3FB1E0095C643 /* LeafModel.swift */; };
		2E6650C71EB523B4006D9F36 /* CompanyModel.swift in Sources */ = {isa = PBXBuildFile; fileRef = 2ED0184D1EB4F8D10012F422 /* CompanyModel.swift */; };
		2E6650C81EB523BA006D9F36 /* Constants.swift in Sources */ = {isa = PBXBuildFile; fileRef = 2E1685C41EB405950095C643 /* Constants.swift */; };
		2E8E05481EB5375E004ECF1A /* RowController.swift in Sources */ = {isa = PBXBuildFile; fileRef = 2E8E05461EB5375E004ECF1A /* RowController.swift */; };
		2E8E05491EB5375E004ECF1A /* TableInterfaceController.swift in Sources */ = {isa = PBXBuildFile; fileRef = 2E8E05471EB5375E004ECF1A /* TableInterfaceController.swift */; };
		2ECD62AA1EB6274E005738CA /* AppDelegate.swift in Sources */ = {isa = PBXBuildFile; fileRef = 2ECD62A91EB6274E005738CA /* AppDelegate.swift */; };
		2ECD62AC1EB6274E005738CA /* TVViewController.swift in Sources */ = {isa = PBXBuildFile; fileRef = 2ECD62AB1EB6274E005738CA /* TVViewController.swift */; };
		2ECD62AF1EB6274E005738CA /* Main.storyboard in Resources */ = {isa = PBXBuildFile; fileRef = 2ECD62AD1EB6274E005738CA /* Main.storyboard */; };
		2ECD62B11EB6274E005738CA /* Assets.xcassets in Resources */ = {isa = PBXBuildFile; fileRef = 2ECD62B01EB6274E005738CA /* Assets.xcassets */; };
		2ECD62BC1EB6274F005738CA /* LeafTVTests.swift in Sources */ = {isa = PBXBuildFile; fileRef = 2ECD62BB1EB6274F005738CA /* LeafTVTests.swift */; };
		2ECD62C71EB6274F005738CA /* LeafTVUITests.swift in Sources */ = {isa = PBXBuildFile; fileRef = 2ECD62C61EB6274F005738CA /* LeafTVUITests.swift */; };
		2ECD62D21EB6276A005738CA /* DataService.swift in Sources */ = {isa = PBXBuildFile; fileRef = 2E1685C21EB403DB0095C643 /* DataService.swift */; };
		2ECD62D31EB6276E005738CA /* CompanyService.swift in Sources */ = {isa = PBXBuildFile; fileRef = 2ED0184F1EB4FE3A0012F422 /* CompanyService.swift */; };
		2ECD62D41EB62772005738CA /* LeafModel.swift in Sources */ = {isa = PBXBuildFile; fileRef = 2E1685BF1EB3FB1E0095C643 /* LeafModel.swift */; };
		2ECD62D51EB62774005738CA /* CompanyModel.swift in Sources */ = {isa = PBXBuildFile; fileRef = 2ED0184D1EB4F8D10012F422 /* CompanyModel.swift */; };
		2ECD62D61EB627E8005738CA /* Constants.swift in Sources */ = {isa = PBXBuildFile; fileRef = 2E1685C41EB405950095C643 /* Constants.swift */; };
		2ECD62D91EB62974005738CA /* TVTableViewCell.swift in Sources */ = {isa = PBXBuildFile; fileRef = 2ECD62D81EB62974005738CA /* TVTableViewCell.swift */; };
		2ECD62DB1EB63046005738CA /* DoctorViewController.swift in Sources */ = {isa = PBXBuildFile; fileRef = 2ECD62DA1EB63046005738CA /* DoctorViewController.swift */; };
		2ED0184A1EB4F8590012F422 /* CompanyViewController.swift in Sources */ = {isa = PBXBuildFile; fileRef = 2ED018491EB4F8590012F422 /* CompanyViewController.swift */; };
		2ED0184C1EB4F8B50012F422 /* CompanyTableViewCell.swift in Sources */ = {isa = PBXBuildFile; fileRef = 2ED0184B1EB4F8B50012F422 /* CompanyTableViewCell.swift */; };
		2ED0184E1EB4F8D10012F422 /* CompanyModel.swift in Sources */ = {isa = PBXBuildFile; fileRef = 2ED0184D1EB4F8D10012F422 /* CompanyModel.swift */; };
		2ED018501EB4FE3A0012F422 /* CompanyService.swift in Sources */ = {isa = PBXBuildFile; fileRef = 2ED0184F1EB4FE3A0012F422 /* CompanyService.swift */; };
/* End PBXBuildFile section */

/* Begin PBXContainerItemProxy section */
		2E1685A01EB3FADB0095C643 /* PBXContainerItemProxy */ = {
			isa = PBXContainerItemProxy;
			containerPortal = 2E1685831EB3FADB0095C643 /* Project object */;
			proxyType = 1;
			remoteGlobalIDString = 2E16858A1EB3FADB0095C643;
			remoteInfo = GreenleafNetworkBaltimore;
		};
		2E1685AB1EB3FADB0095C643 /* PBXContainerItemProxy */ = {
			isa = PBXContainerItemProxy;
			containerPortal = 2E1685831EB3FADB0095C643 /* Project object */;
			proxyType = 1;
			remoteGlobalIDString = 2E16858A1EB3FADB0095C643;
			remoteInfo = GreenleafNetworkBaltimore;
		};
		2E6650AB1EB5231B006D9F36 /* PBXContainerItemProxy */ = {
			isa = PBXContainerItemProxy;
			containerPortal = 2E1685831EB3FADB0095C643 /* Project object */;
			proxyType = 1;
			remoteGlobalIDString = 2E6650A81EB5231B006D9F36;
			remoteInfo = "Leaf Track Extension";
		};
		2E6650B91EB5231B006D9F36 /* PBXContainerItemProxy */ = {
			isa = PBXContainerItemProxy;
			containerPortal = 2E1685831EB3FADB0095C643 /* Project object */;
			proxyType = 1;
			remoteGlobalIDString = 2E66509C1EB5231B006D9F36;
			remoteInfo = "Leaf Track";
		};
		2ECD62B81EB6274F005738CA /* PBXContainerItemProxy */ = {
			isa = PBXContainerItemProxy;
			containerPortal = 2E1685831EB3FADB0095C643 /* Project object */;
			proxyType = 1;
			remoteGlobalIDString = 2ECD62A61EB6274E005738CA;
			remoteInfo = LeafTV;
		};
		2ECD62C31EB6274F005738CA /* PBXContainerItemProxy */ = {
			isa = PBXContainerItemProxy;
			containerPortal = 2E1685831EB3FADB0095C643 /* Project object */;
			proxyType = 1;
			remoteGlobalIDString = 2ECD62A61EB6274E005738CA;
			remoteInfo = LeafTV;
		};
/* End PBXContainerItemProxy section */

/* Begin PBXCopyFilesBuildPhase section */
		2E6650BF1EB5231B006D9F36 /* Embed App Extensions */ = {
			isa = PBXCopyFilesBuildPhase;
			buildActionMask = 2147483647;
			dstPath = "";
			dstSubfolderSpec = 13;
			files = (
				2E6650AA1EB5231B006D9F36 /* Leaf Track Extension.appex in Embed App Extensions */,
			);
			name = "Embed App Extensions";
			runOnlyForDeploymentPostprocessing = 0;
		};
		2E6650C31EB5231B006D9F36 /* Embed Watch Content */ = {
			isa = PBXCopyFilesBuildPhase;
			buildActionMask = 2147483647;
			dstPath = "$(CONTENTS_FOLDER_PATH)/Watch";
			dstSubfolderSpec = 16;
			files = (
				2E6650BB1EB5231B006D9F36 /* Leaf Track.app in Embed Watch Content */,
			);
			name = "Embed Watch Content";
			runOnlyForDeploymentPostprocessing = 0;
		};
/* End PBXCopyFilesBuildPhase section */

/* Begin PBXFileReference section */
		2E16858B1EB3FADB0095C643 /* GreenleafNetworkBaltimore.app */ = {isa = PBXFileReference; explicitFileType = wrapper.application; includeInIndex = 0; path = GreenleafNetworkBaltimore.app; sourceTree = BUILT_PRODUCTS_DIR; };
		2E16858E1EB3FADB0095C643 /* AppDelegate.swift */ = {isa = PBXFileReference; lastKnownFileType = sourcecode.swift; path = AppDelegate.swift; sourceTree = "<group>"; };
		2E1685901EB3FADB0095C643 /* ViewController.swift */ = {isa = PBXFileReference; lastKnownFileType = sourcecode.swift; path = ViewController.swift; sourceTree = "<group>"; };
		2E1685931EB3FADB0095C643 /* Base */ = {isa = PBXFileReference; lastKnownFileType = file.storyboard; name = Base; path = Base.lproj/Main.storyboard; sourceTree = "<group>"; };
		2E1685951EB3FADB0095C643 /* Assets.xcassets */ = {isa = PBXFileReference; lastKnownFileType = folder.assetcatalog; path = Assets.xcassets; sourceTree = "<group>"; };
		2E1685981EB3FADB0095C643 /* Base */ = {isa = PBXFileReference; lastKnownFileType = file.storyboard; name = Base; path = Base.lproj/LaunchScreen.storyboard; sourceTree = "<group>"; };
		2E16859A1EB3FADB0095C643 /* Info.plist */ = {isa = PBXFileReference; lastKnownFileType = text.plist.xml; path = Info.plist; sourceTree = "<group>"; };
		2E16859F1EB3FADB0095C643 /* GreenleafNetworkBaltimoreTests.xctest */ = {isa = PBXFileReference; explicitFileType = wrapper.cfbundle; includeInIndex = 0; path = GreenleafNetworkBaltimoreTests.xctest; sourceTree = BUILT_PRODUCTS_DIR; };
		2E1685A31EB3FADB0095C643 /* GreenleafNetworkBaltimoreTests.swift */ = {isa = PBXFileReference; lastKnownFileType = sourcecode.swift; path = GreenleafNetworkBaltimoreTests.swift; sourceTree = "<group>"; };
		2E1685A51EB3FADB0095C643 /* Info.plist */ = {isa = PBXFileReference; lastKnownFileType = text.plist.xml; path = Info.plist; sourceTree = "<group>"; };
		2E1685AA1EB3FADB0095C643 /* GreenleafNetworkBaltimoreUITests.xctest */ = {isa = PBXFileReference; explicitFileType = wrapper.cfbundle; includeInIndex = 0; path = GreenleafNetworkBaltimoreUITests.xctest; sourceTree = BUILT_PRODUCTS_DIR; };
		2E1685AE1EB3FADB0095C643 /* GreenleafNetworkBaltimoreUITests.swift */ = {isa = PBXFileReference; lastKnownFileType = sourcecode.swift; path = GreenleafNetworkBaltimoreUITests.swift; sourceTree = "<group>"; };
		2E1685B01EB3FADB0095C643 /* Info.plist */ = {isa = PBXFileReference; lastKnownFileType = text.plist.xml; path = Info.plist; sourceTree = "<group>"; };
		2E1685BF1EB3FB1E0095C643 /* LeafModel.swift */ = {isa = PBXFileReference; fileEncoding = 4; lastKnownFileType = sourcecode.swift; path = LeafModel.swift; sourceTree = "<group>"; };
		2E1685C21EB403DB0095C643 /* DataService.swift */ = {isa = PBXFileReference; fileEncoding = 4; lastKnownFileType = sourcecode.swift; path = DataService.swift; sourceTree = "<group>"; };
		2E1685C41EB405950095C643 /* Constants.swift */ = {isa = PBXFileReference; fileEncoding = 4; lastKnownFileType = sourcecode.swift; path = Constants.swift; sourceTree = "<group>"; };
		2E1685C61EB410070095C643 /* RefreshContents.xib */ = {isa = PBXFileReference; fileEncoding = 4; lastKnownFileType = file.xib; path = RefreshContents.xib; sourceTree = "<group>"; };
		2E1685C91EB411970095C643 /* ThemeManager.swift */ = {isa = PBXFileReference; fileEncoding = 4; lastKnownFileType = sourcecode.swift; path = ThemeManager.swift; sourceTree = "<group>"; };
		2E1685CB1EB4126F0095C643 /* LeafTruckCell.swift */ = {isa = PBXFileReference; fileEncoding = 4; lastKnownFileType = sourcecode.swift; path = LeafTruckCell.swift; sourceTree = "<group>"; };
		2E6650991EB50C4B006D9F36 /* FindUsViewController.swift */ = {isa = PBXFileReference; fileEncoding = 4; lastKnownFileType = sourcecode.swift; path = FindUsViewController.swift; sourceTree = "<group>"; };
		2E66509D1EB5231B006D9F36 /* Leaf Track.app */ = {isa = PBXFileReference; explicitFileType = wrapper.application; includeInIndex = 0; path = "Leaf Track.app"; sourceTree = BUILT_PRODUCTS_DIR; };
		2E6650A01EB5231B006D9F36 /* Base */ = {isa = PBXFileReference; lastKnownFileType = file.storyboard; name = Base; path = Base.lproj/Interface.storyboard; sourceTree = "<group>"; };
		2E6650A21EB5231B006D9F36 /* Assets.xcassets */ = {isa = PBXFileReference; lastKnownFileType = folder.assetcatalog; path = Assets.xcassets; sourceTree = "<group>"; };
		2E6650A41EB5231B006D9F36 /* Info.plist */ = {isa = PBXFileReference; lastKnownFileType = text.plist.xml; path = Info.plist; sourceTree = "<group>"; };
		2E6650A91EB5231B006D9F36 /* Leaf Track Extension.appex */ = {isa = PBXFileReference; explicitFileType = "wrapper.app-extension"; includeInIndex = 0; path = "Leaf Track Extension.appex"; sourceTree = BUILT_PRODUCTS_DIR; };
		2E6650AF1EB5231B006D9F36 /* PushNotificationPayload.apns */ = {isa = PBXFileReference; lastKnownFileType = text; path = PushNotificationPayload.apns; sourceTree = "<group>"; };
		2E6650B21EB5231B006D9F36 /* ExtensionDelegate.swift */ = {isa = PBXFileReference; lastKnownFileType = sourcecode.swift; path = ExtensionDelegate.swift; sourceTree = "<group>"; };
		2E6650B41EB5231B006D9F36 /* NotificationController.swift */ = {isa = PBXFileReference; lastKnownFileType = sourcecode.swift; path = NotificationController.swift; sourceTree = "<group>"; };
		2E6650B61EB5231B006D9F36 /* Assets.xcassets */ = {isa = PBXFileReference; lastKnownFileType = folder.assetcatalog; path = Assets.xcassets; sourceTree = "<group>"; };
		2E6650B81EB5231B006D9F36 /* Info.plist */ = {isa = PBXFileReference; lastKnownFileType = text.plist.xml; path = Info.plist; sourceTree = "<group>"; };
		2E8E05461EB5375E004ECF1A /* RowController.swift */ = {isa = PBXFileReference; fileEncoding = 4; lastKnownFileType = sourcecode.swift; path = RowController.swift; sourceTree = "<group>"; };
		2E8E05471EB5375E004ECF1A /* TableInterfaceController.swift */ = {isa = PBXFileReference; fileEncoding = 4; lastKnownFileType = sourcecode.swift; path = TableInterfaceController.swift; sourceTree = "<group>"; };
		2ECD62A71EB6274E005738CA /* LeafTV.app */ = {isa = PBXFileReference; explicitFileType = wrapper.application; includeInIndex = 0; path = LeafTV.app; sourceTree = BUILT_PRODUCTS_DIR; };
		2ECD62A91EB6274E005738CA /* AppDelegate.swift */ = {isa = PBXFileReference; lastKnownFileType = sourcecode.swift; path = AppDelegate.swift; sourceTree = "<group>"; };
		2ECD62AB1EB6274E005738CA /* TVViewController.swift */ = {isa = PBXFileReference; lastKnownFileType = sourcecode.swift; path = TVViewController.swift; sourceTree = "<group>"; };
		2ECD62AE1EB6274E005738CA /* Base */ = {isa = PBXFileReference; lastKnownFileType = file.storyboard; name = Base; path = Base.lproj/Main.storyboard; sourceTree = "<group>"; };
		2ECD62B01EB6274E005738CA /* Assets.xcassets */ = {isa = PBXFileReference; lastKnownFileType = folder.assetcatalog; path = Assets.xcassets; sourceTree = "<group>"; };
		2ECD62B21EB6274E005738CA /* Info.plist */ = {isa = PBXFileReference; lastKnownFileType = text.plist.xml; path = Info.plist; sourceTree = "<group>"; };
		2ECD62B71EB6274F005738CA /* LeafTVTests.xctest */ = {isa = PBXFileReference; explicitFileType = wrapper.cfbundle; includeInIndex = 0; path = LeafTVTests.xctest; sourceTree = BUILT_PRODUCTS_DIR; };
		2ECD62BB1EB6274F005738CA /* LeafTVTests.swift */ = {isa = PBXFileReference; lastKnownFileType = sourcecode.swift; path = LeafTVTests.swift; sourceTree = "<group>"; };
		2ECD62BD1EB6274F005738CA /* Info.plist */ = {isa = PBXFileReference; lastKnownFileType = text.plist.xml; path = Info.plist; sourceTree = "<group>"; };
		2ECD62C21EB6274F005738CA /* LeafTVUITests.xctest */ = {isa = PBXFileReference; explicitFileType = wrapper.cfbundle; includeInIndex = 0; path = LeafTVUITests.xctest; sourceTree = BUILT_PRODUCTS_DIR; };
		2ECD62C61EB6274F005738CA /* LeafTVUITests.swift */ = {isa = PBXFileReference; lastKnownFileType = sourcecode.swift; path = LeafTVUITests.swift; sourceTree = "<group>"; };
		2ECD62C81EB6274F005738CA /* Info.plist */ = {isa = PBXFileReference; lastKnownFileType = text.plist.xml; path = Info.plist; sourceTree = "<group>"; };
		2ECD62D81EB62974005738CA /* TVTableViewCell.swift */ = {isa = PBXFileReference; fileEncoding = 4; lastKnownFileType = sourcecode.swift; path = TVTableViewCell.swift; sourceTree = "<group>"; };
		2ECD62DA1EB63046005738CA /* DoctorViewController.swift */ = {isa = PBXFileReference; fileEncoding = 4; lastKnownFileType = sourcecode.swift; path = DoctorViewController.swift; sourceTree = "<group>"; };
		2ED018491EB4F8590012F422 /* CompanyViewController.swift */ = {isa = PBXFileReference; fileEncoding = 4; lastKnownFileType = sourcecode.swift; path = CompanyViewController.swift; sourceTree = "<group>"; };
		2ED0184B1EB4F8B50012F422 /* CompanyTableViewCell.swift */ = {isa = PBXFileReference; fileEncoding = 4; lastKnownFileType = sourcecode.swift; path = CompanyTableViewCell.swift; sourceTree = "<group>"; };
		2ED0184D1EB4F8D10012F422 /* CompanyModel.swift */ = {isa = PBXFileReference; fileEncoding = 4; lastKnownFileType = sourcecode.swift; path = CompanyModel.swift; sourceTree = "<group>"; };
		2ED0184F1EB4FE3A0012F422 /* CompanyService.swift */ = {isa = PBXFileReference; fileEncoding = 4; lastKnownFileType = sourcecode.swift; path = CompanyService.swift; sourceTree = "<group>"; };
/* End PBXFileReference section */

/* Begin PBXFrameworksBuildPhase section */
		2E1685881EB3FADB0095C643 /* Frameworks */ = {
			isa = PBXFrameworksBuildPhase;
			buildActionMask = 2147483647;
			files = (
			);
			runOnlyForDeploymentPostprocessing = 0;
		};
		2E16859C1EB3FADB0095C643 /* Frameworks */ = {
			isa = PBXFrameworksBuildPhase;
			buildActionMask = 2147483647;
			files = (
			);
			runOnlyForDeploymentPostprocessing = 0;
		};
		2E1685A71EB3FADB0095C643 /* Frameworks */ = {
			isa = PBXFrameworksBuildPhase;
			buildActionMask = 2147483647;
			files = (
			);
			runOnlyForDeploymentPostprocessing = 0;
		};
		2E6650A61EB5231B006D9F36 /* Frameworks */ = {
			isa = PBXFrameworksBuildPhase;
			buildActionMask = 2147483647;
			files = (
			);
			runOnlyForDeploymentPostprocessing = 0;
		};
		2ECD62A41EB6274E005738CA /* Frameworks */ = {
			isa = PBXFrameworksBuildPhase;
			buildActionMask = 2147483647;
			files = (
			);
			runOnlyForDeploymentPostprocessing = 0;
		};
		2ECD62B41EB6274F005738CA /* Frameworks */ = {
			isa = PBXFrameworksBuildPhase;
			buildActionMask = 2147483647;
			files = (
			);
			runOnlyForDeploymentPostprocessing = 0;
		};
		2ECD62BF1EB6274F005738CA /* Frameworks */ = {
			isa = PBXFrameworksBuildPhase;
			buildActionMask = 2147483647;
			files = (
			);
			runOnlyForDeploymentPostprocessing = 0;
		};
/* End PBXFrameworksBuildPhase section */

/* Begin PBXGroup section */
		2E1685821EB3FADB0095C643 = {
			isa = PBXGroup;
			children = (
				2E16858D1EB3FADB0095C643 /* GreenleafNetworkBaltimore */,
				2E1685A21EB3FADB0095C643 /* GreenleafNetworkBaltimoreTests */,
				2E1685AD1EB3FADB0095C643 /* GreenleafNetworkBaltimoreUITests */,
				2E66509E1EB5231B006D9F36 /* Leaf Track */,
				2E6650AD1EB5231B006D9F36 /* Leaf Track Extension */,
				2ECD62A81EB6274E005738CA /* LeafTV */,
				2ECD62BA1EB6274F005738CA /* LeafTVTests */,
				2ECD62C51EB6274F005738CA /* LeafTVUITests */,
				2E16858C1EB3FADB0095C643 /* Products */,
			);
			sourceTree = "<group>";
		};
		2E16858C1EB3FADB0095C643 /* Products */ = {
			isa = PBXGroup;
			children = (
				2E16858B1EB3FADB0095C643 /* GreenleafNetworkBaltimore.app */,
				2E16859F1EB3FADB0095C643 /* GreenleafNetworkBaltimoreTests.xctest */,
				2E1685AA1EB3FADB0095C643 /* GreenleafNetworkBaltimoreUITests.xctest */,
				2E66509D1EB5231B006D9F36 /* Leaf Track.app */,
				2E6650A91EB5231B006D9F36 /* Leaf Track Extension.appex */,
				2ECD62A71EB6274E005738CA /* LeafTV.app */,
				2ECD62B71EB6274F005738CA /* LeafTVTests.xctest */,
				2ECD62C21EB6274F005738CA /* LeafTVUITests.xctest */,
			);
			name = Products;
			sourceTree = "<group>";
		};
		2E16858D1EB3FADB0095C643 /* GreenleafNetworkBaltimore */ = {
			isa = PBXGroup;
			children = (
				2E16858E1EB3FADB0095C643 /* AppDelegate.swift */,
				2E1685C41EB405950095C643 /* Constants.swift */,
				2ED018081EB4D45E0012F422 /* Layout */,
				2E1685C81EB4118F0095C643 /* Theme */,
				2E1685C11EB403CD0095C643 /* Services */,
				2E1685BE1EB3FAFC0095C643 /* Controller */,
				2E1685BD1EB3FAF50095C643 /* View */,
				2E1685BC1EB3FAE10095C643 /* Model */,
				2E1685951EB3FADB0095C643 /* Assets.xcassets */,
				2E16859A1EB3FADB0095C643 /* Info.plist */,
			);
			path = GreenleafNetworkBaltimore;
			sourceTree = "<group>";
		};
		2E1685A21EB3FADB0095C643 /* GreenleafNetworkBaltimoreTests */ = {
			isa = PBXGroup;
			children = (
				2E1685A31EB3FADB0095C643 /* GreenleafNetworkBaltimoreTests.swift */,
				2E1685A51EB3FADB0095C643 /* Info.plist */,
			);
			path = GreenleafNetworkBaltimoreTests;
			sourceTree = "<group>";
		};
		2E1685AD1EB3FADB0095C643 /* GreenleafNetworkBaltimoreUITests */ = {
			isa = PBXGroup;
			children = (
				2E1685AE1EB3FADB0095C643 /* GreenleafNetworkBaltimoreUITests.swift */,
				2E1685B01EB3FADB0095C643 /* Info.plist */,
			);
			path = GreenleafNetworkBaltimoreUITests;
			sourceTree = "<group>";
		};
		2E1685BC1EB3FAE10095C643 /* Model */ = {
			isa = PBXGroup;
			children = (
				2E1685BF1EB3FB1E0095C643 /* LeafModel.swift */,
				2ED0184D1EB4F8D10012F422 /* CompanyModel.swift */,
			);
			name = Model;
			sourceTree = "<group>";
		};
		2E1685BD1EB3FAF50095C643 /* View */ = {
			isa = PBXGroup;
			children = (
				2E1685CB1EB4126F0095C643 /* LeafTruckCell.swift */,
				2ED0184B1EB4F8B50012F422 /* CompanyTableViewCell.swift */,
				2ECD62D81EB62974005738CA /* TVTableViewCell.swift */,
			);
			name = View;
			sourceTree = "<group>";
		};
		2E1685BE1EB3FAFC0095C643 /* Controller */ = {
			isa = PBXGroup;
			children = (
				2E1685901EB3FADB0095C643 /* ViewController.swift */,
				2ED018491EB4F8590012F422 /* CompanyViewController.swift */,
				2E6650991EB50C4B006D9F36 /* FindUsViewController.swift */,
				2ECD62DA1EB63046005738CA /* DoctorViewController.swift */,
			);
			name = Controller;
			sourceTree = "<group>";
		};
		2E1685C11EB403CD0095C643 /* Services */ = {
			isa = PBXGroup;
			children = (
				2E1685C21EB403DB0095C643 /* DataService.swift */,
				2ED0184F1EB4FE3A0012F422 /* CompanyService.swift */,
			);
			name = Services;
			sourceTree = "<group>";
		};
		2E1685C81EB4118F0095C643 /* Theme */ = {
			isa = PBXGroup;
			children = (
				2E1685C91EB411970095C643 /* ThemeManager.swift */,
			);
			name = Theme;
			sourceTree = "<group>";
		};
		2E66509E1EB5231B006D9F36 /* Leaf Track */ = {
			isa = PBXGroup;
			children = (
				2E66509F1EB5231B006D9F36 /* Interface.storyboard */,
				2E6650A21EB5231B006D9F36 /* Assets.xcassets */,
				2E6650A41EB5231B006D9F36 /* Info.plist */,
			);
			path = "Leaf Track";
			sourceTree = "<group>";
		};
		2E6650AD1EB5231B006D9F36 /* Leaf Track Extension */ = {
			isa = PBXGroup;
			children = (
				2E8E05461EB5375E004ECF1A /* RowController.swift */,
				2E8E05471EB5375E004ECF1A /* TableInterfaceController.swift */,
				2E6650B21EB5231B006D9F36 /* ExtensionDelegate.swift */,
				2E6650B41EB5231B006D9F36 /* NotificationController.swift */,
				2E6650B61EB5231B006D9F36 /* Assets.xcassets */,
				2E6650B81EB5231B006D9F36 /* Info.plist */,
				2E6650AE1EB5231B006D9F36 /* Supporting Files */,
			);
			path = "Leaf Track Extension";
			sourceTree = "<group>";
		};
		2E6650AE1EB5231B006D9F36 /* Supporting Files */ = {
			isa = PBXGroup;
			children = (
				2E6650AF1EB5231B006D9F36 /* PushNotificationPayload.apns */,
			);
			name = "Supporting Files";
			sourceTree = "<group>";
		};
		2ECD62A81EB6274E005738CA /* LeafTV */ = {
			isa = PBXGroup;
			children = (
				2ECD62A91EB6274E005738CA /* AppDelegate.swift */,
				2ECD62AB1EB6274E005738CA /* TVViewController.swift */,
				2ECD62AD1EB6274E005738CA /* Main.storyboard */,
				2ECD62B01EB6274E005738CA /* Assets.xcassets */,
				2ECD62B21EB6274E005738CA /* Info.plist */,
			);
			path = LeafTV;
			sourceTree = "<group>";
		};
		2ECD62BA1EB6274F005738CA /* LeafTVTests */ = {
			isa = PBXGroup;
			children = (
				2ECD62BB1EB6274F005738CA /* LeafTVTests.swift */,
				2ECD62BD1EB6274F005738CA /* Info.plist */,
			);
			path = LeafTVTests;
			sourceTree = "<group>";
		};
		2ECD62C51EB6274F005738CA /* LeafTVUITests */ = {
			isa = PBXGroup;
			children = (
				2ECD62C61EB6274F005738CA /* LeafTVUITests.swift */,
				2ECD62C81EB6274F005738CA /* Info.plist */,
			);
			path = LeafTVUITests;
			sourceTree = "<group>";
		};
		2ED018081EB4D45E0012F422 /* Layout */ = {
			isa = PBXGroup;
			children = (
				2E1685C61EB410070095C643 /* RefreshContents.xib */,
				2E1685921EB3FADB0095C643 /* Main.storyboard */,
				2E1685971EB3FADB0095C643 /* LaunchScreen.storyboard */,
			);
			name = Layout;
			sourceTree = "<group>";
		};
/* End PBXGroup section */

/* Begin PBXNativeTarget section */
		2E16858A1EB3FADB0095C643 /* GreenleafNetworkBaltimore */ = {
			isa = PBXNativeTarget;
			buildConfigurationList = 2E1685B31EB3FADB0095C643 /* Build configuration list for PBXNativeTarget "GreenleafNetworkBaltimore" */;
			buildPhases = (
				2E1685871EB3FADB0095C643 /* Sources */,
				2E1685881EB3FADB0095C643 /* Frameworks */,
				2E1685891EB3FADB0095C643 /* Resources */,
				2E6650C31EB5231B006D9F36 /* Embed Watch Content */,
			);
			buildRules = (
			);
			dependencies = (
				2E6650BA1EB5231B006D9F36 /* PBXTargetDependency */,
			);
			name = GreenleafNetworkBaltimore;
			productName = GreenleafNetworkBaltimore;
			productReference = 2E16858B1EB3FADB0095C643 /* GreenleafNetworkBaltimore.app */;
			productType = "com.apple.product-type.application";
		};
		2E16859E1EB3FADB0095C643 /* GreenleafNetworkBaltimoreTests */ = {
			isa = PBXNativeTarget;
			buildConfigurationList = 2E1685B61EB3FADB0095C643 /* Build configuration list for PBXNativeTarget "GreenleafNetworkBaltimoreTests" */;
			buildPhases = (
				2E16859B1EB3FADB0095C643 /* Sources */,
				2E16859C1EB3FADB0095C643 /* Frameworks */,
				2E16859D1EB3FADB0095C643 /* Resources */,
			);
			buildRules = (
			);
			dependencies = (
				2E1685A11EB3FADB0095C643 /* PBXTargetDependency */,
			);
			name = GreenleafNetworkBaltimoreTests;
			productName = GreenleafNetworkBaltimoreTests;
			productReference = 2E16859F1EB3FADB0095C643 /* GreenleafNetworkBaltimoreTests.xctest */;
			productType = "com.apple.product-type.bundle.unit-test";
		};
		2E1685A91EB3FADB0095C643 /* GreenleafNetworkBaltimoreUITests */ = {
			isa = PBXNativeTarget;
			buildConfigurationList = 2E1685B91EB3FADB0095C643 /* Build configuration list for PBXNativeTarget "GreenleafNetworkBaltimoreUITests" */;
			buildPhases = (
				2E1685A61EB3FADB0095C643 /* Sources */,
				2E1685A71EB3FADB0095C643 /* Frameworks */,
				2E1685A81EB3FADB0095C643 /* Resources */,
			);
			buildRules = (
			);
			dependencies = (
				2E1685AC1EB3FADB0095C643 /* PBXTargetDependency */,
			);
			name = GreenleafNetworkBaltimoreUITests;
			productName = GreenleafNetworkBaltimoreUITests;
			productReference = 2E1685AA1EB3FADB0095C643 /* GreenleafNetworkBaltimoreUITests.xctest */;
			productType = "com.apple.product-type.bundle.ui-testing";
		};
		2E66509C1EB5231B006D9F36 /* Leaf Track */ = {
			isa = PBXNativeTarget;
			buildConfigurationList = 2E6650C01EB5231B006D9F36 /* Build configuration list for PBXNativeTarget "Leaf Track" */;
			buildPhases = (
				2E66509B1EB5231B006D9F36 /* Resources */,
				2E6650BF1EB5231B006D9F36 /* Embed App Extensions */,
			);
			buildRules = (
			);
			dependencies = (
				2E6650AC1EB5231B006D9F36 /* PBXTargetDependency */,
			);
			name = "Leaf Track";
			productName = "Leaf Track";
			productReference = 2E66509D1EB5231B006D9F36 /* Leaf Track.app */;
			productType = "com.apple.product-type.application.watchapp2";
		};
		2E6650A81EB5231B006D9F36 /* Leaf Track Extension */ = {
			isa = PBXNativeTarget;
			buildConfigurationList = 2E6650BC1EB5231B006D9F36 /* Build configuration list for PBXNativeTarget "Leaf Track Extension" */;
			buildPhases = (
				2E6650A51EB5231B006D9F36 /* Sources */,
				2E6650A61EB5231B006D9F36 /* Frameworks */,
				2E6650A71EB5231B006D9F36 /* Resources */,
			);
			buildRules = (
			);
			dependencies = (
			);
			name = "Leaf Track Extension";
			productName = "Leaf Track Extension";
			productReference = 2E6650A91EB5231B006D9F36 /* Leaf Track Extension.appex */;
			productType = "com.apple.product-type.watchkit2-extension";
		};
		2ECD62A61EB6274E005738CA /* LeafTV */ = {
			isa = PBXNativeTarget;
			buildConfigurationList = 2ECD62CF1EB6274F005738CA /* Build configuration list for PBXNativeTarget "LeafTV" */;
			buildPhases = (
				2ECD62A31EB6274E005738CA /* Sources */,
				2ECD62A41EB6274E005738CA /* Frameworks */,
				2ECD62A51EB6274E005738CA /* Resources */,
			);
			buildRules = (
			);
			dependencies = (
			);
			name = LeafTV;
			productName = LeafTV;
			productReference = 2ECD62A71EB6274E005738CA /* LeafTV.app */;
			productType = "com.apple.product-type.application";
		};
		2ECD62B61EB6274F005738CA /* LeafTVTests */ = {
			isa = PBXNativeTarget;
			buildConfigurationList = 2ECD62D01EB6274F005738CA /* Build configuration list for PBXNativeTarget "LeafTVTests" */;
			buildPhases = (
				2ECD62B31EB6274F005738CA /* Sources */,
				2ECD62B41EB6274F005738CA /* Frameworks */,
				2ECD62B51EB6274F005738CA /* Resources */,
			);
			buildRules = (
			);
			dependencies = (
				2ECD62B91EB6274F005738CA /* PBXTargetDependency */,
			);
			name = LeafTVTests;
			productName = LeafTVTests;
			productReference = 2ECD62B71EB6274F005738CA /* LeafTVTests.xctest */;
			productType = "com.apple.product-type.bundle.unit-test";
		};
		2ECD62C11EB6274F005738CA /* LeafTVUITests */ = {
			isa = PBXNativeTarget;
			buildConfigurationList = 2ECD62D11EB6274F005738CA /* Build configuration list for PBXNativeTarget "LeafTVUITests" */;
			buildPhases = (
				2ECD62BE1EB6274F005738CA /* Sources */,
				2ECD62BF1EB6274F005738CA /* Frameworks */,
				2ECD62C01EB6274F005738CA /* Resources */,
			);
			buildRules = (
			);
			dependencies = (
				2ECD62C41EB6274F005738CA /* PBXTargetDependency */,
			);
			name = LeafTVUITests;
			productName = LeafTVUITests;
			productReference = 2ECD62C21EB6274F005738CA /* LeafTVUITests.xctest */;
			productType = "com.apple.product-type.bundle.ui-testing";
		};
/* End PBXNativeTarget section */

/* Begin PBXProject section */
		2E1685831EB3FADB0095C643 /* Project object */ = {
			isa = PBXProject;
			attributes = {
				LastSwiftUpdateCheck = 0830;
				LastUpgradeCheck = 0830;
				ORGANIZATIONNAME = "durul dalkanat";
				TargetAttributes = {
					2E16858A1EB3FADB0095C643 = {
						CreatedOnToolsVersion = 8.3.2;
						DevelopmentTeam = MVFU2L7FRK;
						ProvisioningStyle = Automatic;
					};
					2E16859E1EB3FADB0095C643 = {
						CreatedOnToolsVersion = 8.3.2;
						DevelopmentTeam = MVFU2L7FRK;
						ProvisioningStyle = Automatic;
						TestTargetID = 2E16858A1EB3FADB0095C643;
					};
					2E1685A91EB3FADB0095C643 = {
						CreatedOnToolsVersion = 8.3.2;
						DevelopmentTeam = MVFU2L7FRK;
						ProvisioningStyle = Automatic;
						TestTargetID = 2E16858A1EB3FADB0095C643;
					};
					2E66509C1EB5231B006D9F36 = {
						CreatedOnToolsVersion = 8.3.2;
						DevelopmentTeam = MVFU2L7FRK;
						ProvisioningStyle = Automatic;
					};
					2E6650A81EB5231B006D9F36 = {
						CreatedOnToolsVersion = 8.3.2;
						DevelopmentTeam = MVFU2L7FRK;
						ProvisioningStyle = Automatic;
					};
					2ECD62A61EB6274E005738CA = {
						CreatedOnToolsVersion = 8.3.2;
						DevelopmentTeam = MVFU2L7FRK;
						ProvisioningStyle = Automatic;
					};
					2ECD62B61EB6274F005738CA = {
						CreatedOnToolsVersion = 8.3.2;
						DevelopmentTeam = MVFU2L7FRK;
						ProvisioningStyle = Automatic;
						TestTargetID = 2ECD62A61EB6274E005738CA;
					};
					2ECD62C11EB6274F005738CA = {
						CreatedOnToolsVersion = 8.3.2;
						DevelopmentTeam = MVFU2L7FRK;
						ProvisioningStyle = Automatic;
						TestTargetID = 2ECD62A61EB6274E005738CA;
					};
				};
			};
			buildConfigurationList = 2E1685861EB3FADB0095C643 /* Build configuration list for PBXProject "GreenleafNetworkBaltimore" */;
			compatibilityVersion = "Xcode 3.2";
			developmentRegion = English;
			hasScannedForEncodings = 0;
			knownRegions = (
				en,
				Base,
			);
			mainGroup = 2E1685821EB3FADB0095C643;
			productRefGroup = 2E16858C1EB3FADB0095C643 /* Products */;
			projectDirPath = "";
			projectRoot = "";
			targets = (
				2E16858A1EB3FADB0095C643 /* GreenleafNetworkBaltimore */,
				2E16859E1EB3FADB0095C643 /* GreenleafNetworkBaltimoreTests */,
				2E1685A91EB3FADB0095C643 /* GreenleafNetworkBaltimoreUITests */,
				2E66509C1EB5231B006D9F36 /* Leaf Track */,
				2E6650A81EB5231B006D9F36 /* Leaf Track Extension */,
				2ECD62A61EB6274E005738CA /* LeafTV */,
				2ECD62B61EB6274F005738CA /* LeafTVTests */,
				2ECD62C11EB6274F005738CA /* LeafTVUITests */,
			);
		};
/* End PBXProject section */

/* Begin PBXResourcesBuildPhase section */
		2E1685891EB3FADB0095C643 /* Resources */ = {
			isa = PBXResourcesBuildPhase;
			buildActionMask = 2147483647;
			files = (
				2E1685991EB3FADB0095C643 /* LaunchScreen.storyboard in Resources */,
				2E1685C71EB410070095C643 /* RefreshContents.xib in Resources */,
				2E1685961EB3FADB0095C643 /* Assets.xcassets in Resources */,
				2E1685941EB3FADB0095C643 /* Main.storyboard in Resources */,
			);
			runOnlyForDeploymentPostprocessing = 0;
		};
		2E16859D1EB3FADB0095C643 /* Resources */ = {
			isa = PBXResourcesBuildPhase;
			buildActionMask = 2147483647;
			files = (
			);
			runOnlyForDeploymentPostprocessing = 0;
		};
		2E1685A81EB3FADB0095C643 /* Resources */ = {
			isa = PBXResourcesBuildPhase;
			buildActionMask = 2147483647;
			files = (
			);
			runOnlyForDeploymentPostprocessing = 0;
		};
		2E66509B1EB5231B006D9F36 /* Resources */ = {
			isa = PBXResourcesBuildPhase;
			buildActionMask = 2147483647;
			files = (
				2E6650A31EB5231B006D9F36 /* Assets.xcassets in Resources */,
				2E6650A11EB5231B006D9F36 /* Interface.storyboard in Resources */,
			);
			runOnlyForDeploymentPostprocessing = 0;
		};
		2E6650A71EB5231B006D9F36 /* Resources */ = {
			isa = PBXResourcesBuildPhase;
			buildActionMask = 2147483647;
			files = (
				2E6650B71EB5231B006D9F36 /* Assets.xcassets in Resources */,
			);
			runOnlyForDeploymentPostprocessing = 0;
		};
		2ECD62A51EB6274E005738CA /* Resources */ = {
			isa = PBXResourcesBuildPhase;
			buildActionMask = 2147483647;
			files = (
				2ECD62B11EB6274E005738CA /* Assets.xcassets in Resources */,
				2ECD62AF1EB6274E005738CA /* Main.storyboard in Resources */,
			);
			runOnlyForDeploymentPostprocessing = 0;
		};
		2ECD62B51EB6274F005738CA /* Resources */ = {
			isa = PBXResourcesBuildPhase;
			buildActionMask = 2147483647;
			files = (
			);
			runOnlyForDeploymentPostprocessing = 0;
		};
		2ECD62C01EB6274F005738CA /* Resources */ = {
			isa = PBXResourcesBuildPhase;
			buildActionMask = 2147483647;
			files = (
			);
			runOnlyForDeploymentPostprocessing = 0;
		};
/* End PBXResourcesBuildPhase section */

/* Begin PBXSourcesBuildPhase section */
		2E1685871EB3FADB0095C643 /* Sources */ = {
			isa = PBXSourcesBuildPhase;
			buildActionMask = 2147483647;
			files = (
				2E1685CC1EB4126F0095C643 /* LeafTruckCell.swift in Sources */,
				2E1685C51EB405950095C643 /* Constants.swift in Sources */,
				2E1685911EB3FADB0095C643 /* ViewController.swift in Sources */,
				2E1685C01EB3FB1E0095C643 /* LeafModel.swift in Sources */,
				2ED0184A1EB4F8590012F422 /* CompanyViewController.swift in Sources */,
				2E66509A1EB50C4B006D9F36 /* FindUsViewController.swift in Sources */,
				2E16858F1EB3FADB0095C643 /* AppDelegate.swift in Sources */,
				2ED018501EB4FE3A0012F422 /* CompanyService.swift in Sources */,
				2E1685C31EB403DB0095C643 /* DataService.swift in Sources */,
				2ED0184C1EB4F8B50012F422 /* CompanyTableViewCell.swift in Sources */,
				2ECD62DB1EB63046005738CA /* DoctorViewController.swift in Sources */,
				2E1685CA1EB411970095C643 /* ThemeManager.swift in Sources */,
				2ED0184E1EB4F8D10012F422 /* CompanyModel.swift in Sources */,
			);
			runOnlyForDeploymentPostprocessing = 0;
		};
		2E16859B1EB3FADB0095C643 /* Sources */ = {
			isa = PBXSourcesBuildPhase;
			buildActionMask = 2147483647;
			files = (
				2E1685A41EB3FADB0095C643 /* GreenleafNetworkBaltimoreTests.swift in Sources */,
			);
			runOnlyForDeploymentPostprocessing = 0;
		};
		2E1685A61EB3FADB0095C643 /* Sources */ = {
			isa = PBXSourcesBuildPhase;
			buildActionMask = 2147483647;
			files = (
				2E1685AF1EB3FADB0095C643 /* GreenleafNetworkBaltimoreUITests.swift in Sources */,
			);
			runOnlyForDeploymentPostprocessing = 0;
		};
		2E6650A51EB5231B006D9F36 /* Sources */ = {
			isa = PBXSourcesBuildPhase;
			buildActionMask = 2147483647;
			files = (
				2E8E05491EB5375E004ECF1A /* TableInterfaceController.swift in Sources */,
				2E6650B51EB5231B006D9F36 /* NotificationController.swift in Sources */,
				2E6650C61EB523B2006D9F36 /* LeafModel.swift in Sources */,
				2E6650B31EB5231B006D9F36 /* ExtensionDelegate.swift in Sources */,
				2E6650C71EB523B4006D9F36 /* CompanyModel.swift in Sources */,
				2E6650C51EB523AE006D9F36 /* CompanyService.swift in Sources */,
				2E8E05481EB5375E004ECF1A /* RowController.swift in Sources */,
				2E6650C41EB523AC006D9F36 /* DataService.swift in Sources */,
				2E6650C81EB523BA006D9F36 /* Constants.swift in Sources */,
			);
			runOnlyForDeploymentPostprocessing = 0;
		};
		2ECD62A31EB6274E005738CA /* Sources */ = {
			isa = PBXSourcesBuildPhase;
			buildActionMask = 2147483647;
			files = (
				2ECD62D41EB62772005738CA /* LeafModel.swift in Sources */,
				2ECD62D21EB6276A005738CA /* DataService.swift in Sources */,
				2ECD62AC1EB6274E005738CA /* TVViewController.swift in Sources */,
				2ECD62AA1EB6274E005738CA /* AppDelegate.swift in Sources */,
				2ECD62D61EB627E8005738CA /* Constants.swift in Sources */,
				2ECD62D91EB62974005738CA /* TVTableViewCell.swift in Sources */,
				2ECD62D31EB6276E005738CA /* CompanyService.swift in Sources */,
				2ECD62D51EB62774005738CA /* CompanyModel.swift in Sources */,
			);
			runOnlyForDeploymentPostprocessing = 0;
		};
		2ECD62B31EB6274F005738CA /* Sources */ = {
			isa = PBXSourcesBuildPhase;
			buildActionMask = 2147483647;
			files = (
				2ECD62BC1EB6274F005738CA /* LeafTVTests.swift in Sources */,
			);
			runOnlyForDeploymentPostprocessing = 0;
		};
		2ECD62BE1EB6274F005738CA /* Sources */ = {
			isa = PBXSourcesBuildPhase;
			buildActionMask = 2147483647;
			files = (
				2ECD62C71EB6274F005738CA /* LeafTVUITests.swift in Sources */,
			);
			runOnlyForDeploymentPostprocessing = 0;
		};
/* End PBXSourcesBuildPhase section */

/* Begin PBXTargetDependency section */
		2E1685A11EB3FADB0095C643 /* PBXTargetDependency */ = {
			isa = PBXTargetDependency;
			target = 2E16858A1EB3FADB0095C643 /* GreenleafNetworkBaltimore */;
			targetProxy = 2E1685A01EB3FADB0095C643 /* PBXContainerItemProxy */;
		};
		2E1685AC1EB3FADB0095C643 /* PBXTargetDependency */ = {
			isa = PBXTargetDependency;
			target = 2E16858A1EB3FADB0095C643 /* GreenleafNetworkBaltimore */;
			targetProxy = 2E1685AB1EB3FADB0095C643 /* PBXContainerItemProxy */;
		};
		2E6650AC1EB5231B006D9F36 /* PBXTargetDependency */ = {
			isa = PBXTargetDependency;
			target = 2E6650A81EB5231B006D9F36 /* Leaf Track Extension */;
			targetProxy = 2E6650AB1EB5231B006D9F36 /* PBXContainerItemProxy */;
		};
		2E6650BA1EB5231B006D9F36 /* PBXTargetDependency */ = {
			isa = PBXTargetDependency;
			target = 2E66509C1EB5231B006D9F36 /* Leaf Track */;
			targetProxy = 2E6650B91EB5231B006D9F36 /* PBXContainerItemProxy */;
		};
		2ECD62B91EB6274F005738CA /* PBXTargetDependency */ = {
			isa = PBXTargetDependency;
			target = 2ECD62A61EB6274E005738CA /* LeafTV */;
			targetProxy = 2ECD62B81EB6274F005738CA /* PBXContainerItemProxy */;
		};
		2ECD62C41EB6274F005738CA /* PBXTargetDependency */ = {
			isa = PBXTargetDependency;
			target = 2ECD62A61EB6274E005738CA /* LeafTV */;
			targetProxy = 2ECD62C31EB6274F005738CA /* PBXContainerItemProxy */;
		};
/* End PBXTargetDependency section */

/* Begin PBXVariantGroup section */
		2E1685921EB3FADB0095C643 /* Main.storyboard */ = {
			isa = PBXVariantGroup;
			children = (
				2E1685931EB3FADB0095C643 /* Base */,
			);
			name = Main.storyboard;
			sourceTree = "<group>";
		};
		2E1685971EB3FADB0095C643 /* LaunchScreen.storyboard */ = {
			isa = PBXVariantGroup;
			children = (
				2E1685981EB3FADB0095C643 /* Base */,
			);
			name = LaunchScreen.storyboard;
			sourceTree = "<group>";
		};
		2E66509F1EB5231B006D9F36 /* Interface.storyboard */ = {
			isa = PBXVariantGroup;
			children = (
				2E6650A01EB5231B006D9F36 /* Base */,
			);
			name = Interface.storyboard;
			sourceTree = "<group>";
		};
		2ECD62AD1EB6274E005738CA /* Main.storyboard */ = {
			isa = PBXVariantGroup;
			children = (
				2ECD62AE1EB6274E005738CA /* Base */,
			);
			name = Main.storyboard;
			sourceTree = "<group>";
		};
/* End PBXVariantGroup section */

/* Begin XCBuildConfiguration section */
		2E1685B11EB3FADB0095C643 /* Debug */ = {
			isa = XCBuildConfiguration;
			buildSettings = {
				ALWAYS_SEARCH_USER_PATHS = NO;
				CLANG_ANALYZER_NONNULL = YES;
				CLANG_ANALYZER_NUMBER_OBJECT_CONVERSION = YES_AGGRESSIVE;
				CLANG_CXX_LANGUAGE_STANDARD = "gnu++0x";
				CLANG_CXX_LIBRARY = "libc++";
				CLANG_ENABLE_MODULES = YES;
				CLANG_ENABLE_OBJC_ARC = YES;
				CLANG_WARN_BOOL_CONVERSION = YES;
				CLANG_WARN_CONSTANT_CONVERSION = YES;
				CLANG_WARN_DIRECT_OBJC_ISA_USAGE = YES_ERROR;
				CLANG_WARN_DOCUMENTATION_COMMENTS = YES;
				CLANG_WARN_EMPTY_BODY = YES;
				CLANG_WARN_ENUM_CONVERSION = YES;
				CLANG_WARN_INFINITE_RECURSION = YES;
				CLANG_WARN_INT_CONVERSION = YES;
				CLANG_WARN_OBJC_ROOT_CLASS = YES_ERROR;
				CLANG_WARN_SUSPICIOUS_MOVE = YES;
				CLANG_WARN_UNREACHABLE_CODE = YES;
				CLANG_WARN__DUPLICATE_METHOD_MATCH = YES;
				"CODE_SIGN_IDENTITY[sdk=iphoneos*]" = "iPhone Developer";
				COPY_PHASE_STRIP = NO;
				DEBUG_INFORMATION_FORMAT = dwarf;
				ENABLE_STRICT_OBJC_MSGSEND = YES;
				ENABLE_TESTABILITY = YES;
				GCC_C_LANGUAGE_STANDARD = gnu99;
				GCC_DYNAMIC_NO_PIC = NO;
				GCC_NO_COMMON_BLOCKS = YES;
				GCC_OPTIMIZATION_LEVEL = 0;
				GCC_PREPROCESSOR_DEFINITIONS = (
					"DEBUG=1",
					"$(inherited)",
				);
				GCC_WARN_64_TO_32_BIT_CONVERSION = YES;
				GCC_WARN_ABOUT_RETURN_TYPE = YES_ERROR;
				GCC_WARN_UNDECLARED_SELECTOR = YES;
				GCC_WARN_UNINITIALIZED_AUTOS = YES_AGGRESSIVE;
				GCC_WARN_UNUSED_FUNCTION = YES;
				GCC_WARN_UNUSED_VARIABLE = YES;
				IPHONEOS_DEPLOYMENT_TARGET = 10.3;
				MTL_ENABLE_DEBUG_INFO = YES;
				ONLY_ACTIVE_ARCH = YES;
				SDKROOT = iphoneos;
				SWIFT_ACTIVE_COMPILATION_CONDITIONS = DEBUG;
				SWIFT_OPTIMIZATION_LEVEL = "-Onone";
				TARGETED_DEVICE_FAMILY = "1,2";
			};
			name = Debug;
		};
		2E1685B21EB3FADB0095C643 /* Release */ = {
			isa = XCBuildConfiguration;
			buildSettings = {
				ALWAYS_SEARCH_USER_PATHS = NO;
				CLANG_ANALYZER_NONNULL = YES;
				CLANG_ANALYZER_NUMBER_OBJECT_CONVERSION = YES_AGGRESSIVE;
				CLANG_CXX_LANGUAGE_STANDARD = "gnu++0x";
				CLANG_CXX_LIBRARY = "libc++";
				CLANG_ENABLE_MODULES = YES;
				CLANG_ENABLE_OBJC_ARC = YES;
				CLANG_WARN_BOOL_CONVERSION = YES;
				CLANG_WARN_CONSTANT_CONVERSION = YES;
				CLANG_WARN_DIRECT_OBJC_ISA_USAGE = YES_ERROR;
				CLANG_WARN_DOCUMENTATION_COMMENTS = YES;
				CLANG_WARN_EMPTY_BODY = YES;
				CLANG_WARN_ENUM_CONVERSION = YES;
				CLANG_WARN_INFINITE_RECURSION = YES;
				CLANG_WARN_INT_CONVERSION = YES;
				CLANG_WARN_OBJC_ROOT_CLASS = YES_ERROR;
				CLANG_WARN_SUSPICIOUS_MOVE = YES;
				CLANG_WARN_UNREACHABLE_CODE = YES;
				CLANG_WARN__DUPLICATE_METHOD_MATCH = YES;
				"CODE_SIGN_IDENTITY[sdk=iphoneos*]" = "iPhone Developer";
				COPY_PHASE_STRIP = NO;
				DEBUG_INFORMATION_FORMAT = "dwarf-with-dsym";
				ENABLE_NS_ASSERTIONS = NO;
				ENABLE_STRICT_OBJC_MSGSEND = YES;
				GCC_C_LANGUAGE_STANDARD = gnu99;
				GCC_NO_COMMON_BLOCKS = YES;
				GCC_WARN_64_TO_32_BIT_CONVERSION = YES;
				GCC_WARN_ABOUT_RETURN_TYPE = YES_ERROR;
				GCC_WARN_UNDECLARED_SELECTOR = YES;
				GCC_WARN_UNINITIALIZED_AUTOS = YES_AGGRESSIVE;
				GCC_WARN_UNUSED_FUNCTION = YES;
				GCC_WARN_UNUSED_VARIABLE = YES;
				IPHONEOS_DEPLOYMENT_TARGET = 10.3;
				MTL_ENABLE_DEBUG_INFO = NO;
				SDKROOT = iphoneos;
				SWIFT_OPTIMIZATION_LEVEL = "-Owholemodule";
				TARGETED_DEVICE_FAMILY = "1,2";
				VALIDATE_PRODUCT = YES;
			};
			name = Release;
		};
		2E1685B41EB3FADB0095C643 /* Debug */ = {
			isa = XCBuildConfiguration;
			buildSettings = {
				ASSETCATALOG_COMPILER_APPICON_NAME = AppIcon;
				DEVELOPMENT_TEAM = MVFU2L7FRK;
				INFOPLIST_FILE = GreenleafNetworkBaltimore/Info.plist;
				LD_RUNPATH_SEARCH_PATHS = "$(inherited) @executable_path/Frameworks";
				PRODUCT_BUNDLE_IDENTIFIER = com.durul.GreenleafNetworkBaltimore;
				PRODUCT_NAME = "$(TARGET_NAME)";
				SWIFT_VERSION = 3.0;
			};
			name = Debug;
		};
		2E1685B51EB3FADB0095C643 /* Release */ = {
			isa = XCBuildConfiguration;
			buildSettings = {
				ASSETCATALOG_COMPILER_APPICON_NAME = AppIcon;
				DEVELOPMENT_TEAM = MVFU2L7FRK;
				INFOPLIST_FILE = GreenleafNetworkBaltimore/Info.plist;
				LD_RUNPATH_SEARCH_PATHS = "$(inherited) @executable_path/Frameworks";
				PRODUCT_BUNDLE_IDENTIFIER = com.durul.GreenleafNetworkBaltimore;
				PRODUCT_NAME = "$(TARGET_NAME)";
				SWIFT_VERSION = 3.0;
			};
			name = Release;
		};
		2E1685B71EB3FADB0095C643 /* Debug */ = {
			isa = XCBuildConfiguration;
			buildSettings = {
				ALWAYS_EMBED_SWIFT_STANDARD_LIBRARIES = YES;
				BUNDLE_LOADER = "$(TEST_HOST)";
				DEVELOPMENT_TEAM = MVFU2L7FRK;
				INFOPLIST_FILE = GreenleafNetworkBaltimoreTests/Info.plist;
				LD_RUNPATH_SEARCH_PATHS = "$(inherited) @executable_path/Frameworks @loader_path/Frameworks";
				PRODUCT_BUNDLE_IDENTIFIER = com.durul.GreenleafNetworkBaltimoreTests;
				PRODUCT_NAME = "$(TARGET_NAME)";
				SWIFT_VERSION = 3.0;
				TEST_HOST = "$(BUILT_PRODUCTS_DIR)/GreenleafNetworkBaltimore.app/GreenleafNetworkBaltimore";
			};
			name = Debug;
		};
		2E1685B81EB3FADB0095C643 /* Release */ = {
			isa = XCBuildConfiguration;
			buildSettings = {
				ALWAYS_EMBED_SWIFT_STANDARD_LIBRARIES = YES;
				BUNDLE_LOADER = "$(TEST_HOST)";
				DEVELOPMENT_TEAM = MVFU2L7FRK;
				INFOPLIST_FILE = GreenleafNetworkBaltimoreTests/Info.plist;
				LD_RUNPATH_SEARCH_PATHS = "$(inherited) @executable_path/Frameworks @loader_path/Frameworks";
				PRODUCT_BUNDLE_IDENTIFIER = com.durul.GreenleafNetworkBaltimoreTests;
				PRODUCT_NAME = "$(TARGET_NAME)";
				SWIFT_VERSION = 3.0;
				TEST_HOST = "$(BUILT_PRODUCTS_DIR)/GreenleafNetworkBaltimore.app/GreenleafNetworkBaltimore";
			};
			name = Release;
		};
		2E1685BA1EB3FADB0095C643 /* Debug */ = {
			isa = XCBuildConfiguration;
			buildSettings = {
				ALWAYS_EMBED_SWIFT_STANDARD_LIBRARIES = YES;
				DEVELOPMENT_TEAM = MVFU2L7FRK;
				INFOPLIST_FILE = GreenleafNetworkBaltimoreUITests/Info.plist;
				LD_RUNPATH_SEARCH_PATHS = "$(inherited) @executable_path/Frameworks @loader_path/Frameworks";
				PRODUCT_BUNDLE_IDENTIFIER = com.durul.GreenleafNetworkBaltimoreUITests;
				PRODUCT_NAME = "$(TARGET_NAME)";
				SWIFT_VERSION = 3.0;
				TEST_TARGET_NAME = GreenleafNetworkBaltimore;
			};
			name = Debug;
		};
		2E1685BB1EB3FADB0095C643 /* Release */ = {
			isa = XCBuildConfiguration;
			buildSettings = {
				ALWAYS_EMBED_SWIFT_STANDARD_LIBRARIES = YES;
				DEVELOPMENT_TEAM = MVFU2L7FRK;
				INFOPLIST_FILE = GreenleafNetworkBaltimoreUITests/Info.plist;
				LD_RUNPATH_SEARCH_PATHS = "$(inherited) @executable_path/Frameworks @loader_path/Frameworks";
				PRODUCT_BUNDLE_IDENTIFIER = com.durul.GreenleafNetworkBaltimoreUITests;
				PRODUCT_NAME = "$(TARGET_NAME)";
				SWIFT_VERSION = 3.0;
				TEST_TARGET_NAME = GreenleafNetworkBaltimore;
			};
			name = Release;
		};
		2E6650BD1EB5231B006D9F36 /* Debug */ = {
			isa = XCBuildConfiguration;
			buildSettings = {
				ASSETCATALOG_COMPILER_COMPLICATION_NAME = Complication;
				DEVELOPMENT_TEAM = MVFU2L7FRK;
				INFOPLIST_FILE = "Leaf Track Extension/Info.plist";
				LD_RUNPATH_SEARCH_PATHS = "$(inherited) @executable_path/Frameworks @executable_path/../../Frameworks";
				PRODUCT_BUNDLE_IDENTIFIER = com.durul.GreenleafNetworkBaltimore.watchkitapp.watchkitextension;
				PRODUCT_NAME = "${TARGET_NAME}";
				SDKROOT = watchos;
				SKIP_INSTALL = YES;
				SWIFT_VERSION = 3.0;
				TARGETED_DEVICE_FAMILY = 4;
				WATCHOS_DEPLOYMENT_TARGET = 3.2;
			};
			name = Debug;
		};
		2E6650BE1EB5231B006D9F36 /* Release */ = {
			isa = XCBuildConfiguration;
			buildSettings = {
				ASSETCATALOG_COMPILER_COMPLICATION_NAME = Complication;
				DEVELOPMENT_TEAM = MVFU2L7FRK;
				INFOPLIST_FILE = "Leaf Track Extension/Info.plist";
				LD_RUNPATH_SEARCH_PATHS = "$(inherited) @executable_path/Frameworks @executable_path/../../Frameworks";
				PRODUCT_BUNDLE_IDENTIFIER = com.durul.GreenleafNetworkBaltimore.watchkitapp.watchkitextension;
				PRODUCT_NAME = "${TARGET_NAME}";
				SDKROOT = watchos;
				SKIP_INSTALL = YES;
				SWIFT_VERSION = 3.0;
				TARGETED_DEVICE_FAMILY = 4;
				WATCHOS_DEPLOYMENT_TARGET = 3.2;
			};
			name = Release;
		};
		2E6650C11EB5231B006D9F36 /* Debug */ = {
			isa = XCBuildConfiguration;
			buildSettings = {
				ALWAYS_EMBED_SWIFT_STANDARD_LIBRARIES = YES;
				ASSETCATALOG_COMPILER_APPICON_NAME = AppIcon;
				DEVELOPMENT_TEAM = MVFU2L7FRK;
				IBSC_MODULE = Leaf_Track_Extension;
				INFOPLIST_FILE = "Leaf Track/Info.plist";
				PRODUCT_BUNDLE_IDENTIFIER = com.durul.GreenleafNetworkBaltimore.watchkitapp;
				PRODUCT_NAME = "$(TARGET_NAME)";
				SDKROOT = watchos;
				SKIP_INSTALL = YES;
				SWIFT_VERSION = 3.0;
				TARGETED_DEVICE_FAMILY = 4;
				WATCHOS_DEPLOYMENT_TARGET = 3.2;
			};
			name = Debug;
		};
		2E6650C21EB5231B006D9F36 /* Release */ = {
			isa = XCBuildConfiguration;
			buildSettings = {
				ALWAYS_EMBED_SWIFT_STANDARD_LIBRARIES = YES;
				ASSETCATALOG_COMPILER_APPICON_NAME = AppIcon;
				DEVELOPMENT_TEAM = MVFU2L7FRK;
				IBSC_MODULE = Leaf_Track_Extension;
				INFOPLIST_FILE = "Leaf Track/Info.plist";
				PRODUCT_BUNDLE_IDENTIFIER = com.durul.GreenleafNetworkBaltimore.watchkitapp;
				PRODUCT_NAME = "$(TARGET_NAME)";
				SDKROOT = watchos;
				SKIP_INSTALL = YES;
				SWIFT_VERSION = 3.0;
				TARGETED_DEVICE_FAMILY = 4;
				WATCHOS_DEPLOYMENT_TARGET = 3.2;
			};
			name = Release;
		};
		2ECD62C91EB6274F005738CA /* Debug */ = {
			isa = XCBuildConfiguration;
			buildSettings = {
				ASSETCATALOG_COMPILER_APPICON_NAME = "App Icon & Top Shelf Image";
				ASSETCATALOG_COMPILER_LAUNCHIMAGE_NAME = LaunchImage;
				DEVELOPMENT_TEAM = MVFU2L7FRK;
				INFOPLIST_FILE = LeafTV/Info.plist;
				LD_RUNPATH_SEARCH_PATHS = "$(inherited) @executable_path/Frameworks";
				PRODUCT_BUNDLE_IDENTIFIER = com.durul.LeafTV;
				PRODUCT_NAME = "$(TARGET_NAME)";
				SDKROOT = appletvos;
				SWIFT_VERSION = 3.0;
				TARGETED_DEVICE_FAMILY = 3;
				TVOS_DEPLOYMENT_TARGET = 10.2;
			};
			name = Debug;
		};
		2ECD62CA1EB6274F005738CA /* Release */ = {
			isa = XCBuildConfiguration;
			buildSettings = {
				ASSETCATALOG_COMPILER_APPICON_NAME = "App Icon & Top Shelf Image";
				ASSETCATALOG_COMPILER_LAUNCHIMAGE_NAME = LaunchImage;
				DEVELOPMENT_TEAM = MVFU2L7FRK;
				INFOPLIST_FILE = LeafTV/Info.plist;
				LD_RUNPATH_SEARCH_PATHS = "$(inherited) @executable_path/Frameworks";
				PRODUCT_BUNDLE_IDENTIFIER = com.durul.LeafTV;
				PRODUCT_NAME = "$(TARGET_NAME)";
				SDKROOT = appletvos;
				SWIFT_VERSION = 3.0;
				TARGETED_DEVICE_FAMILY = 3;
				TVOS_DEPLOYMENT_TARGET = 10.2;
			};
			name = Release;
		};
		2ECD62CB1EB6274F005738CA /* Debug */ = {
			isa = XCBuildConfiguration;
			buildSettings = {
				ALWAYS_EMBED_SWIFT_STANDARD_LIBRARIES = YES;
				BUNDLE_LOADER = "$(TEST_HOST)";
				DEVELOPMENT_TEAM = MVFU2L7FRK;
				INFOPLIST_FILE = LeafTVTests/Info.plist;
				LD_RUNPATH_SEARCH_PATHS = "$(inherited) @executable_path/Frameworks @loader_path/Frameworks";
				PRODUCT_BUNDLE_IDENTIFIER = com.durul.LeafTVTests;
				PRODUCT_NAME = "$(TARGET_NAME)";
				SDKROOT = appletvos;
				SWIFT_VERSION = 3.0;
				TEST_HOST = "$(BUILT_PRODUCTS_DIR)/LeafTV.app/LeafTV";
				TVOS_DEPLOYMENT_TARGET = 10.2;
			};
			name = Debug;
		};
		2ECD62CC1EB6274F005738CA /* Release */ = {
			isa = XCBuildConfiguration;
			buildSettings = {
				ALWAYS_EMBED_SWIFT_STANDARD_LIBRARIES = YES;
				BUNDLE_LOADER = "$(TEST_HOST)";
				DEVELOPMENT_TEAM = MVFU2L7FRK;
				INFOPLIST_FILE = LeafTVTests/Info.plist;
				LD_RUNPATH_SEARCH_PATHS = "$(inherited) @executable_path/Frameworks @loader_path/Frameworks";
				PRODUCT_BUNDLE_IDENTIFIER = com.durul.LeafTVTests;
				PRODUCT_NAME = "$(TARGET_NAME)";
				SDKROOT = appletvos;
				SWIFT_VERSION = 3.0;
				TEST_HOST = "$(BUILT_PRODUCTS_DIR)/LeafTV.app/LeafTV";
				TVOS_DEPLOYMENT_TARGET = 10.2;
			};
			name = Release;
		};
		2ECD62CD1EB6274F005738CA /* Debug */ = {
			isa = XCBuildConfiguration;
			buildSettings = {
				ALWAYS_EMBED_SWIFT_STANDARD_LIBRARIES = YES;
				DEVELOPMENT_TEAM = MVFU2L7FRK;
				INFOPLIST_FILE = LeafTVUITests/Info.plist;
				LD_RUNPATH_SEARCH_PATHS = "$(inherited) @executable_path/Frameworks @loader_path/Frameworks";
				PRODUCT_BUNDLE_IDENTIFIER = com.durul.LeafTVUITests;
				PRODUCT_NAME = "$(TARGET_NAME)";
				SDKROOT = appletvos;
				SWIFT_VERSION = 3.0;
				TEST_TARGET_NAME = LeafTV;
				TVOS_DEPLOYMENT_TARGET = 10.2;
			};
			name = Debug;
		};
		2ECD62CE1EB6274F005738CA /* Release */ = {
			isa = XCBuildConfiguration;
			buildSettings = {
				ALWAYS_EMBED_SWIFT_STANDARD_LIBRARIES = YES;
				DEVELOPMENT_TEAM = MVFU2L7FRK;
				INFOPLIST_FILE = LeafTVUITests/Info.plist;
				LD_RUNPATH_SEARCH_PATHS = "$(inherited) @executable_path/Frameworks @loader_path/Frameworks";
				PRODUCT_BUNDLE_IDENTIFIER = com.durul.LeafTVUITests;
				PRODUCT_NAME = "$(TARGET_NAME)";
				SDKROOT = appletvos;
				SWIFT_VERSION = 3.0;
				TEST_TARGET_NAME = LeafTV;
				TVOS_DEPLOYMENT_TARGET = 10.2;
			};
			name = Release;
		};
/* End XCBuildConfiguration section */

/* Begin XCConfigurationList section */
		2E1685861EB3FADB0095C643 /* Build configuration list for PBXProject "GreenleafNetworkBaltimore" */ = {
			isa = XCConfigurationList;
			buildConfigurations = (
				2E1685B11EB3FADB0095C643 /* Debug */,
				2E1685B21EB3FADB0095C643 /* Release */,
			);
			defaultConfigurationIsVisible = 0;
			defaultConfigurationName = Release;
		};
		2E1685B31EB3FADB0095C643 /* Build configuration list for PBXNativeTarget "GreenleafNetworkBaltimore" */ = {
			isa = XCConfigurationList;
			buildConfigurations = (
				2E1685B41EB3FADB0095C643 /* Debug */,
				2E1685B51EB3FADB0095C643 /* Release */,
			);
			defaultConfigurationIsVisible = 0;
			defaultConfigurationName = Release;
		};
		2E1685B61EB3FADB0095C643 /* Build configuration list for PBXNativeTarget "GreenleafNetworkBaltimoreTests" */ = {
			isa = XCConfigurationList;
			buildConfigurations = (
				2E1685B71EB3FADB0095C643 /* Debug */,
				2E1685B81EB3FADB0095C643 /* Release */,
			);
			defaultConfigurationIsVisible = 0;
			defaultConfigurationName = Release;
		};
		2E1685B91EB3FADB0095C643 /* Build configuration list for PBXNativeTarget "GreenleafNetworkBaltimoreUITests" */ = {
			isa = XCConfigurationList;
			buildConfigurations = (
				2E1685BA1EB3FADB0095C643 /* Debug */,
				2E1685BB1EB3FADB0095C643 /* Release */,
			);
			defaultConfigurationIsVisible = 0;
			defaultConfigurationName = Release;
		};
		2E6650BC1EB5231B006D9F36 /* Build configuration list for PBXNativeTarget "Leaf Track Extension" */ = {
			isa = XCConfigurationList;
			buildConfigurations = (
				2E6650BD1EB5231B006D9F36 /* Debug */,
				2E6650BE1EB5231B006D9F36 /* Release */,
			);
			defaultConfigurationIsVisible = 0;
			defaultConfigurationName = Release;
		};
		2E6650C01EB5231B006D9F36 /* Build configuration list for PBXNativeTarget "Leaf Track" */ = {
			isa = XCConfigurationList;
			buildConfigurations = (
				2E6650C11EB5231B006D9F36 /* Debug */,
				2E6650C21EB5231B006D9F36 /* Release */,
			);
			defaultConfigurationIsVisible = 0;
			defaultConfigurationName = Release;
		};
		2ECD62CF1EB6274F005738CA /* Build configuration list for PBXNativeTarget "LeafTV" */ = {
			isa = XCConfigurationList;
			buildConfigurations = (
				2ECD62C91EB6274F005738CA /* Debug */,
				2ECD62CA1EB6274F005738CA /* Release */,
			);
			defaultConfigurationIsVisible = 0;
		};
		2ECD62D01EB6274F005738CA /* Build configuration list for PBXNativeTarget "LeafTVTests" */ = {
			isa = XCConfigurationList;
			buildConfigurations = (
				2ECD62CB1EB6274F005738CA /* Debug */,
				2ECD62CC1EB6274F005738CA /* Release */,
			);
			defaultConfigurationIsVisible = 0;
		};
		2ECD62D11EB6274F005738CA /* Build configuration list for PBXNativeTarget "LeafTVUITests" */ = {
			isa = XCConfigurationList;
			buildConfigurations = (
				2ECD62CD1EB6274F005738CA /* Debug */,
				2ECD62CE1EB6274F005738CA /* Release */,
			);
			defaultConfigurationIsVisible = 0;
		};
/* End XCConfigurationList section */
	};
	rootObject = 2E1685831EB3FADB0095C643 /* Project object */;
}
